
Microsoft Visual Studio Solution File, Format Version 12.00
# Visual Studio Version 17
VisualStudioVersion = 17.9.34902.65
MinimumVisualStudioVersion = 10.0.40219.1
Project("{FAE04EC0-301F-11D3-BF4B-00C04F79EFBC}") = "Vehicles", "Vehicles.csproj", "{357562A0-ED54-4AE8-AA13-5FC3AC4C5B8E}"
	ProjectSection(ProjectDependencies) = postProject
		{B6B2FD58-D7EC-482A-927D-EBB012A468A8} = {B6B2FD58-D7EC-482A-927D-EBB012A468A8}
	EndProjectSection
EndProject
Project("{FAE04EC0-301F-11D3-BF4B-00C04F79EFBC}") = "SmashTools", "..\..\SmashTools\SmashTools\SmashTools\SmashTools.csproj", "{B6B2FD58-D7EC-482A-927D-EBB012A468A8}"
EndProject
Global
	GlobalSection(SolutionConfigurationPlatforms) = preSolution
		Debug|Any CPU = Debug|Any CPU
		Release|Any CPU = Release|Any CPU
		Unstable|Any CPU = Unstable|Any CPU
	EndGlobalSection
	GlobalSection(ProjectConfigurationPlatforms) = postSolution
		{357562A0-ED54-4AE8-AA13-5FC3AC4C5B8E}.Debug|Any CPU.ActiveCfg = Debug|Any CPU
		{357562A0-ED54-4AE8-AA13-5FC3AC4C5B8E}.Debug|Any CPU.Build.0 = Debug|Any CPU
		{357562A0-ED54-4AE8-AA13-5FC3AC4C5B8E}.Release|Any CPU.ActiveCfg = Release|Any CPU
		{357562A0-ED54-4AE8-AA13-5FC3AC4C5B8E}.Release|Any CPU.Build.0 = Release|Any CPU
		{357562A0-ED54-4AE8-AA13-5FC3AC4C5B8E}.Unstable|Any CPU.ActiveCfg = Unstable|Any CPU
		{357562A0-ED54-4AE8-AA13-5FC3AC4C5B8E}.Unstable|Any CPU.Build.0 = Unstable|Any CPU
		{B6B2FD58-D7EC-482A-927D-EBB012A468A8}.Debug|Any CPU.ActiveCfg = Debug|Any CPU
		{B6B2FD58-D7EC-482A-927D-EBB012A468A8}.Debug|Any CPU.Build.0 = Debug|Any CPU
		{B6B2FD58-D7EC-482A-927D-EBB012A468A8}.Release|Any CPU.ActiveCfg = Release|Any CPU
		{B6B2FD58-D7EC-482A-927D-EBB012A468A8}.Release|Any CPU.Build.0 = Release|Any CPU
		{B6B2FD58-D7EC-482A-927D-EBB012A468A8}.Unstable|Any CPU.ActiveCfg = Debug|Any CPU
		{B6B2FD58-D7EC-482A-927D-EBB012A468A8}.Unstable|Any CPU.Build.0 = Debug|Any CPU
	EndGlobalSection
	GlobalSection(SolutionProperties) = preSolution
		HideSolutionNode = FALSE
	EndGlobalSection
	GlobalSection(ExtensibilityGlobals) = postSolution
		SolutionGuid = {A1131824-B29B-482D-B0F1-F25977A05467}
	EndGlobalSection
EndGlobal
