
Microsoft Visual Studio Solution File, Format Version 12.00
# Visual Studio Version 18
VisualStudioVersion = 18.1.11304.174
MinimumVisualStudioVersion = 10.0.40219.1
Project("{9A19103F-16F7-4668-BE54-9A1E7A4F7556}") = "Vehicles", "Vehicles.csproj", "{357562A0-ED54-4AE8-AA13-5FC3AC4C5B8E}"
	ProjectSection(ProjectDependencies) = postProject
		{50FB6136-9CFF-4AA0-A78C-76E407D5F7D3} = {50FB6136-9CFF-4AA0-A78C-76E407D5F7D3}
		{5A968633-76D1-433F-B997-3F5CBC61F6A1} = {5A968633-76D1-433F-B997-3F5CBC61F6A1}
		{B6B2FD58-D7EC-482A-927D-EBB012A468A8} = {B6B2FD58-D7EC-482A-927D-EBB012A468A8}
	EndProjectSection
EndProject
Project("{9A19103F-16F7-4668-BE54-9A1E7A4F7556}") = "SmashTools", "..\..\SmashTools\SmashTools\SmashTools\SmashTools.csproj", "{B6B2FD58-D7EC-482A-927D-EBB012A468A8}"
	ProjectSection(ProjectDependencies) = postProject
		{5A968633-76D1-433F-B997-3F5CBC61F6A1} = {5A968633-76D1-433F-B997-3F5CBC61F6A1}
	EndProjectSection
EndProject
Project("{9A19103F-16F7-4668-BE54-9A1E7A4F7556}") = "DevTools", "..\..\DevTools\DevTools\DevTools.csproj", "{CBD9893C-47BE-405E-89F7-2342F47D26BC}"
EndProject
Project("{9A19103F-16F7-4668-BE54-9A1E7A4F7556}") = "Test_Vehicles", "..\Test_Vehicles\Test_Vehicles.csproj", "{EA833AE8-18BE-4802-A7E9-ABBB48DEA7A3}"
	ProjectSection(ProjectDependencies) = postProject
		{357562A0-ED54-4AE8-AA13-5FC3AC4C5B8E} = {357562A0-ED54-4AE8-AA13-5FC3AC4C5B8E}
		{5A968633-76D1-433F-B997-3F5CBC61F6A1} = {5A968633-76D1-433F-B997-3F5CBC61F6A1}
		{B6B2FD58-D7EC-482A-927D-EBB012A468A8} = {B6B2FD58-D7EC-482A-927D-EBB012A468A8}
		{CBD9893C-47BE-405E-89F7-2342F47D26BC} = {CBD9893C-47BE-405E-89F7-2342F47D26BC}
	EndProjectSection
EndProject
Project("{9A19103F-16F7-4668-BE54-9A1E7A4F7556}") = "Test_SmashTools", "..\Test_SmashTools\Test_SmashTools.csproj", "{6CBE5790-6C3E-4290-95A5-785466A0A7F0}"
	ProjectSection(ProjectDependencies) = postProject
		{5A968633-76D1-433F-B997-3F5CBC61F6A1} = {5A968633-76D1-433F-B997-3F5CBC61F6A1}
		{B6B2FD58-D7EC-482A-927D-EBB012A468A8} = {B6B2FD58-D7EC-482A-927D-EBB012A468A8}
		{CBD9893C-47BE-405E-89F7-2342F47D26BC} = {CBD9893C-47BE-405E-89F7-2342F47D26BC}
	EndProjectSection
EndProject
Project("{FAE04EC0-301F-11D3-BF4B-00C04F79EFBC}") = "CoreLib", "..\..\SmashTools\Core\CoreLib.csproj", "{5A968633-76D1-433F-B997-3F5CBC61F6A1}"
EndProject
Project("{FAE04EC0-301F-11D3-BF4B-00C04F79EFBC}") = "Test_Burst", "..\Test_Burst\Test_Burst.csproj", "{686096B5-8555-480D-81E9-A037516EFE59}"
	ProjectSection(ProjectDependencies) = postProject
		{5A968633-76D1-433F-B997-3F5CBC61F6A1} = {5A968633-76D1-433F-B997-3F5CBC61F6A1}
		{B6B2FD58-D7EC-482A-927D-EBB012A468A8} = {B6B2FD58-D7EC-482A-927D-EBB012A468A8}
		{CBD9893C-47BE-405E-89F7-2342F47D26BC} = {CBD9893C-47BE-405E-89F7-2342F47D26BC}
	EndProjectSection
EndProject
Project("{FAE04EC0-301F-11D3-BF4B-00C04F79EFBC}") = "UpdateLog", "..\..\UpdateLog\Source\UpdateLog.csproj", "{50FB6136-9CFF-4AA0-A78C-76E407D5F7D3}"
	ProjectSection(ProjectDependencies) = postProject
		{5A968633-76D1-433F-B997-3F5CBC61F6A1} = {5A968633-76D1-433F-B997-3F5CBC61F6A1}
		{B6B2FD58-D7EC-482A-927D-EBB012A468A8} = {B6B2FD58-D7EC-482A-927D-EBB012A468A8}
	EndProjectSection
EndProject
Project("{FAE04EC0-301F-11D3-BF4B-00C04F79EFBC}") = "Test_CoreLib", "..\Test_CoreLib\Test_CoreLib.csproj", "{4C450CC0-CB07-43CF-B9FE-88BE285A55EC}"
	ProjectSection(ProjectDependencies) = postProject
		{5A968633-76D1-433F-B997-3F5CBC61F6A1} = {5A968633-76D1-433F-B997-3F5CBC61F6A1}
		{CBD9893C-47BE-405E-89F7-2342F47D26BC} = {CBD9893C-47BE-405E-89F7-2342F47D26BC}
	EndProjectSection
EndProject
Project("{FAE04EC0-301F-11D3-BF4B-00C04F79EFBC}") = "SmashTools.Analyzer", "..\..\SmashTools\SmashTools.Analyzer\SmashTools.Analyzer.csproj", "{D5BDD861-18FC-4F58-B62E-38A850197BE5}"
EndProject
Global
	GlobalSection(SolutionConfigurationPlatforms) = preSolution
		Debug|Any CPU = Debug|Any CPU
		Release|Any CPU = Release|Any CPU
		ReleaseTesting|Any CPU = ReleaseTesting|Any CPU
		Unstable|Any CPU = Unstable|Any CPU
	EndGlobalSection
	GlobalSection(ProjectConfigurationPlatforms) = postSolution
		{357562A0-ED54-4AE8-AA13-5FC3AC4C5B8E}.Debug|Any CPU.ActiveCfg = Debug|Any CPU
		{357562A0-ED54-4AE8-AA13-5FC3AC4C5B8E}.Debug|Any CPU.Build.0 = Debug|Any CPU
		{357562A0-ED54-4AE8-AA13-5FC3AC4C5B8E}.Release|Any CPU.ActiveCfg = Release|Any CPU
		{357562A0-ED54-4AE8-AA13-5FC3AC4C5B8E}.Release|Any CPU.Build.0 = Release|Any CPU
		{357562A0-ED54-4AE8-AA13-5FC3AC4C5B8E}.ReleaseTesting|Any CPU.ActiveCfg = ReleaseTesting|Any CPU
		{357562A0-ED54-4AE8-AA13-5FC3AC4C5B8E}.ReleaseTesting|Any CPU.Build.0 = ReleaseTesting|Any CPU
		{357562A0-ED54-4AE8-AA13-5FC3AC4C5B8E}.Unstable|Any CPU.ActiveCfg = Unstable|Any CPU
		{357562A0-ED54-4AE8-AA13-5FC3AC4C5B8E}.Unstable|Any CPU.Build.0 = Unstable|Any CPU
		{B6B2FD58-D7EC-482A-927D-EBB012A468A8}.Debug|Any CPU.ActiveCfg = Debug|Any CPU
		{B6B2FD58-D7EC-482A-927D-EBB012A468A8}.Debug|Any CPU.Build.0 = Debug|Any CPU
		{B6B2FD58-D7EC-482A-927D-EBB012A468A8}.Release|Any CPU.ActiveCfg = Release|Any CPU
		{B6B2FD58-D7EC-482A-927D-EBB012A468A8}.Release|Any CPU.Build.0 = Release|Any CPU
		{B6B2FD58-D7EC-482A-927D-EBB012A468A8}.ReleaseTesting|Any CPU.ActiveCfg = ReleaseTesting|Any CPU
		{B6B2FD58-D7EC-482A-927D-EBB012A468A8}.ReleaseTesting|Any CPU.Build.0 = ReleaseTesting|Any CPU
		{B6B2FD58-D7EC-482A-927D-EBB012A468A8}.Unstable|Any CPU.ActiveCfg = Unstable|Any CPU
		{B6B2FD58-D7EC-482A-927D-EBB012A468A8}.Unstable|Any CPU.Build.0 = Unstable|Any CPU
		{CBD9893C-47BE-405E-89F7-2342F47D26BC}.Debug|Any CPU.ActiveCfg = Debug|Any CPU
		{CBD9893C-47BE-405E-89F7-2342F47D26BC}.Debug|Any CPU.Build.0 = Debug|Any CPU
		{CBD9893C-47BE-405E-89F7-2342F47D26BC}.Release|Any CPU.ActiveCfg = Release|Any CPU
		{CBD9893C-47BE-405E-89F7-2342F47D26BC}.ReleaseTesting|Any CPU.ActiveCfg = ReleaseTesting|Any CPU
		{CBD9893C-47BE-405E-89F7-2342F47D26BC}.ReleaseTesting|Any CPU.Build.0 = ReleaseTesting|Any CPU
		{CBD9893C-47BE-405E-89F7-2342F47D26BC}.Unstable|Any CPU.ActiveCfg = Unstable|Any CPU
		{EA833AE8-18BE-4802-A7E9-ABBB48DEA7A3}.Debug|Any CPU.ActiveCfg = Debug|Any CPU
		{EA833AE8-18BE-4802-A7E9-ABBB48DEA7A3}.Debug|Any CPU.Build.0 = Debug|Any CPU
		{EA833AE8-18BE-4802-A7E9-ABBB48DEA7A3}.Release|Any CPU.ActiveCfg = Release|Any CPU
		{EA833AE8-18BE-4802-A7E9-ABBB48DEA7A3}.ReleaseTesting|Any CPU.ActiveCfg = ReleaseTesting|Any CPU
		{EA833AE8-18BE-4802-A7E9-ABBB48DEA7A3}.ReleaseTesting|Any CPU.Build.0 = ReleaseTesting|Any CPU
		{EA833AE8-18BE-4802-A7E9-ABBB48DEA7A3}.Unstable|Any CPU.ActiveCfg = Unstable|Any CPU
		{6CBE5790-6C3E-4290-95A5-785466A0A7F0}.Debug|Any CPU.ActiveCfg = Debug|Any CPU
		{6CBE5790-6C3E-4290-95A5-785466A0A7F0}.Debug|Any CPU.Build.0 = Debug|Any CPU
		{6CBE5790-6C3E-4290-95A5-785466A0A7F0}.Release|Any CPU.ActiveCfg = Release|Any CPU
		{6CBE5790-6C3E-4290-95A5-785466A0A7F0}.ReleaseTesting|Any CPU.ActiveCfg = ReleaseTesting|Any CPU
		{6CBE5790-6C3E-4290-95A5-785466A0A7F0}.ReleaseTesting|Any CPU.Build.0 = ReleaseTesting|Any CPU
		{6CBE5790-6C3E-4290-95A5-785466A0A7F0}.Unstable|Any CPU.ActiveCfg = Unstable|Any CPU
		{5A968633-76D1-433F-B997-3F5CBC61F6A1}.Debug|Any CPU.ActiveCfg = Debug|Any CPU
		{5A968633-76D1-433F-B997-3F5CBC61F6A1}.Debug|Any CPU.Build.0 = Debug|Any CPU
		{5A968633-76D1-433F-B997-3F5CBC61F6A1}.Release|Any CPU.ActiveCfg = Release|Any CPU
		{5A968633-76D1-433F-B997-3F5CBC61F6A1}.Release|Any CPU.Build.0 = Release|Any CPU
		{5A968633-76D1-433F-B997-3F5CBC61F6A1}.ReleaseTesting|Any CPU.ActiveCfg = ReleaseTesting|Any CPU
		{5A968633-76D1-433F-B997-3F5CBC61F6A1}.ReleaseTesting|Any CPU.Build.0 = ReleaseTesting|Any CPU
		{5A968633-76D1-433F-B997-3F5CBC61F6A1}.Unstable|Any CPU.ActiveCfg = Unstable|Any CPU
		{5A968633-76D1-433F-B997-3F5CBC61F6A1}.Unstable|Any CPU.Build.0 = Unstable|Any CPU
		{686096B5-8555-480D-81E9-A037516EFE59}.Debug|Any CPU.ActiveCfg = Debug|Any CPU
		{686096B5-8555-480D-81E9-A037516EFE59}.Debug|Any CPU.Build.0 = Debug|Any CPU
		{686096B5-8555-480D-81E9-A037516EFE59}.Release|Any CPU.ActiveCfg = Release|Any CPU
		{686096B5-8555-480D-81E9-A037516EFE59}.ReleaseTesting|Any CPU.ActiveCfg = ReleaseTesting|Any CPU
		{686096B5-8555-480D-81E9-A037516EFE59}.ReleaseTesting|Any CPU.Build.0 = ReleaseTesting|Any CPU
		{686096B5-8555-480D-81E9-A037516EFE59}.Unstable|Any CPU.ActiveCfg = Unstable|Any CPU
		{50FB6136-9CFF-4AA0-A78C-76E407D5F7D3}.Debug|Any CPU.ActiveCfg = Debug|Any CPU
		{50FB6136-9CFF-4AA0-A78C-76E407D5F7D3}.Debug|Any CPU.Build.0 = Debug|Any CPU
		{50FB6136-9CFF-4AA0-A78C-76E407D5F7D3}.Release|Any CPU.ActiveCfg = Release|Any CPU
		{50FB6136-9CFF-4AA0-A78C-76E407D5F7D3}.Release|Any CPU.Build.0 = Release|Any CPU
		{50FB6136-9CFF-4AA0-A78C-76E407D5F7D3}.ReleaseTesting|Any CPU.ActiveCfg = ReleaseTesting|Any CPU
		{50FB6136-9CFF-4AA0-A78C-76E407D5F7D3}.ReleaseTesting|Any CPU.Build.0 = ReleaseTesting|Any CPU
		{50FB6136-9CFF-4AA0-A78C-76E407D5F7D3}.Unstable|Any CPU.ActiveCfg = Unstable|Any CPU
		{50FB6136-9CFF-4AA0-A78C-76E407D5F7D3}.Unstable|Any CPU.Build.0 = Unstable|Any CPU
		{4C450CC0-CB07-43CF-B9FE-88BE285A55EC}.Debug|Any CPU.ActiveCfg = Debug|Any CPU
		{4C450CC0-CB07-43CF-B9FE-88BE285A55EC}.Debug|Any CPU.Build.0 = Debug|Any CPU
		{4C450CC0-CB07-43CF-B9FE-88BE285A55EC}.Release|Any CPU.ActiveCfg = Release|Any CPU
		{4C450CC0-CB07-43CF-B9FE-88BE285A55EC}.ReleaseTesting|Any CPU.ActiveCfg = ReleaseTesting|Any CPU
		{4C450CC0-CB07-43CF-B9FE-88BE285A55EC}.ReleaseTesting|Any CPU.Build.0 = ReleaseTesting|Any CPU
		{4C450CC0-CB07-43CF-B9FE-88BE285A55EC}.Unstable|Any CPU.ActiveCfg = Unstable|Any CPU
		{D5BDD861-18FC-4F58-B62E-38A850197BE5}.Debug|Any CPU.ActiveCfg = Debug|Any CPU
		{D5BDD861-18FC-4F58-B62E-38A850197BE5}.Debug|Any CPU.Build.0 = Debug|Any CPU
		{D5BDD861-18FC-4F58-B62E-38A850197BE5}.Release|Any CPU.ActiveCfg = Release|Any CPU
		{D5BDD861-18FC-4F58-B62E-38A850197BE5}.Release|Any CPU.Build.0 = Release|Any CPU
		{D5BDD861-18FC-4F58-B62E-38A850197BE5}.ReleaseTesting|Any CPU.ActiveCfg = ReleaseTesting|Any CPU
		{D5BDD861-18FC-4F58-B62E-38A850197BE5}.ReleaseTesting|Any CPU.Build.0 = ReleaseTesting|Any CPU
		{D5BDD861-18FC-4F58-B62E-38A850197BE5}.Unstable|Any CPU.ActiveCfg = Unstable|Any CPU
		{D5BDD861-18FC-4F58-B62E-38A850197BE5}.Unstable|Any CPU.Build.0 = Unstable|Any CPU
	EndGlobalSection
	GlobalSection(SolutionProperties) = preSolution
		HideSolutionNode = FALSE
	EndGlobalSection
	GlobalSection(ExtensibilityGlobals) = postSolution
		SolutionGuid = {A1131824-B29B-482D-B0F1-F25977A05467}
	EndGlobalSection
EndGlobal
